
Microsoft Visual Studio Solution File, Format Version 12.00
# Visual Studio Version 17
VisualStudioVersion = 17.7.34024.191
MinimumVisualStudioVersion = 10.0.40219.1
Project("{9A19103F-16F7-4668-BE54-9A1E7A4F7556}") = "TestCustomAPI", "TestCustomAPI\TestCustomAPI.csproj", "{01CB3819-F334-4CD2-AA40-7D8E30F1313B}"
EndProject
Project("{9A19103F-16F7-4668-BE54-9A1E7A4F7556}") = "Domain", "Domain\Domain.csproj", "{6AF1CB3C-ED60-4A8E-928D-4D059F0FE820}"
EndProject
Project("{9A19103F-16F7-4668-BE54-9A1E7A4F7556}") = "Infrastructure", "Infrastructure\Infrastructure.csproj", "{759D7E4F-84D2-4390-9926-3ECBAD71C890}"
EndProject
Project("{9A19103F-16F7-4668-BE54-9A1E7A4F7556}") = "Data", "Data\Data.csproj", "{9FF2C849-A55C-46DB-9906-DF5A32028A43}"
EndProject
Project("{9A19103F-16F7-4668-BE54-9A1E7A4F7556}") = "Service", "Service\Service.csproj", "{8C4AB43A-1604-44D4-A4E7-25CE4405C24B}"
EndProject
Global
	GlobalSection(SolutionConfigurationPlatforms) = preSolution
		Debug|Any CPU = Debug|Any CPU
		Release|Any CPU = Release|Any CPU
	EndGlobalSection
	GlobalSection(ProjectConfigurationPlatforms) = postSolution
		{01CB3819-F334-4CD2-AA40-7D8E30F1313B}.Debug|Any CPU.ActiveCfg = Debug|Any CPU
		{01CB3819-F334-4CD2-AA40-7D8E30F1313B}.Debug|Any CPU.Build.0 = Debug|Any CPU
		{01CB3819-F334-4CD2-AA40-7D8E30F1313B}.Release|Any CPU.ActiveCfg = Release|Any CPU
		{01CB3819-F334-4CD2-AA40-7D8E30F1313B}.Release|Any CPU.Build.0 = Release|Any CPU
		{6AF1CB3C-ED60-4A8E-928D-4D059F0FE820}.Debug|Any CPU.ActiveCfg = Debug|Any CPU
		{6AF1CB3C-ED60-4A8E-928D-4D059F0FE820}.Debug|Any CPU.Build.0 = Debug|Any CPU
		{6AF1CB3C-ED60-4A8E-928D-4D059F0FE820}.Release|Any CPU.ActiveCfg = Release|Any CPU
		{6AF1CB3C-ED60-4A8E-928D-4D059F0FE820}.Release|Any CPU.Build.0 = Release|Any CPU
		{759D7E4F-84D2-4390-9926-3ECBAD71C890}.Debug|Any CPU.ActiveCfg = Debug|Any CPU
		{759D7E4F-84D2-4390-9926-3ECBAD71C890}.Debug|Any CPU.Build.0 = Debug|Any CPU
		{759D7E4F-84D2-4390-9926-3ECBAD71C890}.Release|Any CPU.ActiveCfg = Release|Any CPU
		{759D7E4F-84D2-4390-9926-3ECBAD71C890}.Release|Any CPU.Build.0 = Release|Any CPU
		{9FF2C849-A55C-46DB-9906-DF5A32028A43}.Debug|Any CPU.ActiveCfg = Debug|Any CPU
		{9FF2C849-A55C-46DB-9906-DF5A32028A43}.Debug|Any CPU.Build.0 = Debug|Any CPU
		{9FF2C849-A55C-46DB-9906-DF5A32028A43}.Release|Any CPU.ActiveCfg = Release|Any CPU
		{9FF2C849-A55C-46DB-9906-DF5A32028A43}.Release|Any CPU.Build.0 = Release|Any CPU
		{8C4AB43A-1604-44D4-A4E7-25CE4405C24B}.Debug|Any CPU.ActiveCfg = Debug|Any CPU
		{8C4AB43A-1604-44D4-A4E7-25CE4405C24B}.Debug|Any CPU.Build.0 = Debug|Any CPU
		{8C4AB43A-1604-44D4-A4E7-25CE4405C24B}.Release|Any CPU.ActiveCfg = Release|Any CPU
		{8C4AB43A-1604-44D4-A4E7-25CE4405C24B}.Release|Any CPU.Build.0 = Release|Any CPU
	EndGlobalSection
	GlobalSection(SolutionProperties) = preSolution
		HideSolutionNode = FALSE
	EndGlobalSection
	GlobalSection(ExtensibilityGlobals) = postSolution
		SolutionGuid = {E1E3F606-5F39-4146-BE2A-0E65F398AA2F}
	EndGlobalSection
EndGlobal
